version = 1
revision = 3
requires-python = ">=3.11"
resolution-markers = [
    "python_full_version >= '3.12'",
    "python_full_version < '3.12'",
]

[[package]]
name = "annotated-doc"
version = "0.0.4"
source = { registry = "https://pypi.org/simple" }
sdist = { url = "https://files.pythonhosted.org/packages/57/ba/046ceea27344560984e26a590f90bc7f4a75b06701f653222458922b558c/annotated_doc-0.0.4.tar.gz", hash = "sha256:fbcda96e87e9c92ad167c2e53839e57503ecfda18804ea28102353485033faa4", size = 7288, upload-time = "2025-11-10T22:07:42.062Z" }
wheels = [
    { url = "https://files.pythonhosted.org/packages/1e/d3/26bf1008eb3d2daa8ef4cacc7f3bfdc11818d111f7e2d0201bc6e3b49d45/annotated_doc-0.0.4-py3-none-any.whl", hash = "sha256:571ac1dc6991c450b25a9c2d84a3705e2ae7a53467b5d111c24fa8baabbed320", size = 5303, upload-time = "2025-11-10T22:07:40.673Z" },
]

[[package]]
name = "asttokens"
version = "3.0.1"
source = { registry = "https://pypi.org/simple" }
sdist = { url = "https://files.pythonhosted.org/packages/be/a5/8e3f9b6771b0b408517c82d97aed8f2036509bc247d46114925e32fe33f0/asttokens-3.0.1.tar.gz", hash = "sha256:71a4ee5de0bde6a31d64f6b13f2293ac190344478f081c3d1bccfcf5eacb0cb7", size = 62308, upload-time = "2025-11-15T16:43:48.578Z" }
wheels = [
    { url = "https://files.pythonhosted.org/packages/d2/39/e7eaf1799466a4aef85b6a4fe7bd175ad2b1c6345066aa33f1f58d4b18d0/asttokens-3.0.1-py3-none-any.whl", hash = "sha256:15a3ebc0f43c2d0a50eeafea25e19046c68398e487b9f1f5b517f7c0f40f976a", size = 27047, upload-time = "2025-11-15T16:43:16.109Z" },
]

[[package]]
name = "backtesting"
version = "0.1.0"
source = { virtual = "." }
dependencies = [
    { name = "prosperity4btx" },
]

[package.metadata]
requires-dist = [{ name = "prosperity4btx", specifier = ">=0.0.2" }]

[[package]]
name = "click"
version = "8.3.2"
source = { registry = "https://pypi.org/simple" }
dependencies = [
    { name = "colorama", marker = "sys_platform == 'win32'" },
]
sdist = { url = "https://files.pythonhosted.org/packages/57/75/31212c6bf2503fdf920d87fee5d7a86a2e3bcf444984126f13d8e4016804/click-8.3.2.tar.gz", hash = "sha256:14162b8b3b3550a7d479eafa77dfd3c38d9dc8951f6f69c78913a8f9a7540fd5", size = 302856, upload-time = "2026-04-03T19:14:45.118Z" }
wheels = [
    { url = "https://files.pythonhosted.org/packages/e4/20/71885d8b97d4f3dde17b1fdb92dbd4908b00541c5a3379787137285f602e/click-8.3.2-py3-none-any.whl", hash = "sha256:1924d2c27c5653561cd2cae4548d1406039cb79b858b747cfea24924bbc1616d", size = 108379, upload-time = "2026-04-03T19:14:43.505Z" },
]

[[package]]
name = "colorama"
version = "0.4.6"
source = { registry = "https://pypi.org/simple" }
sdist = { url = "https://files.pythonhosted.org/packages/d8/53/6f443c9a4a8358a93a6792e2acffb9d9d5cb0a5cfd8802644b7b1c9a02e4/colorama-0.4.6.tar.gz", hash = "sha256:08695f5cb7ed6e0531a20572697297273c47b8cae5a63ffc6d6ed5c201be6e44", size = 27697, upload-time = "2022-10-25T02:36:22.414Z" }
wheels = [
    { url = "https://files.pythonhosted.org/packages/d1/d6/3965ed04c63042e047cb6a3e6ed1a63a35087b6a609aa3a15ed8ac56c221/colorama-0.4.6-py2.py3-none-any.whl", hash = "sha256:4f1d9991f5acc0ca119f9d443620b77f9d6b33703e51011c16baf57afb285fc6", size = 25335, upload-time = "2022-10-25T02:36:20.889Z" },
]

[[package]]
name = "decorator"
version = "5.2.1"
source = { registry = "https://pypi.org/simple" }
sdist = { url = "https://files.pythonhosted.org/packages/43/fa/6d96a0978d19e17b68d634497769987b16c8f4cd0a7a05048bec693caa6b/decorator-5.2.1.tar.gz", hash = "sha256:65f266143752f734b0a7cc83c46f4618af75b8c5911b00ccb61d0ac9b6da0360", size = 56711, upload-time = "2025-02-24T04:41:34.073Z" }
wheels = [
    { url = "https://files.pythonhosted.org/packages/4e/8c/f3147f5c4b73e7550fe5f9352eaa956ae838d5c51eb58e7a25b9f3e2643b/decorator-5.2.1-py3-none-any.whl", hash = "sha256:d316bb415a2d9e2d2b3abcc4084c6502fc09240e292cd76a76afc106a1c8e04a", size = 9190, upload-time = "2025-02-24T04:41:32.565Z" },
]

[[package]]
name = "executing"
version = "2.2.1"
source = { registry = "https://pypi.org/simple" }
sdist = { url = "https://files.pythonhosted.org/packages/cc/28/c14e053b6762b1044f34a13aab6859bbf40456d37d23aa286ac24cfd9a5d/executing-2.2.1.tar.gz", hash = "sha256:3632cc370565f6648cc328b32435bd120a1e4ebb20c77e3fdde9a13cd1e533c4", size = 1129488, upload-time = "2025-09-01T09:48:10.866Z" }
wheels = [
    { url = "https://files.pythonhosted.org/packages/c1/ea/53f2148663b321f21b5a606bd5f191517cf40b7072c0497d3c92c4a13b1e/executing-2.2.1-py2.py3-none-any.whl", hash = "sha256:760643d3452b4d777d295bb167ccc74c64a81df23fb5e08eff250c425a4b2017", size = 28317, upload-time = "2025-09-01T09:48:08.5Z" },
]

[[package]]
name = "ipython"
version = "9.10.1"
source = { registry = "https://pypi.org/simple" }
resolution-markers = [
    "python_full_version < '3.12'",
]
dependencies = [
    { name = "colorama", marker = "python_full_version < '3.12' and sys_platform == 'win32'" },
    { name = "decorator", marker = "python_full_version < '3.12'" },
    { name = "ipython-pygments-lexers", marker = "python_full_version < '3.12'" },
    { name = "jedi", marker = "python_full_version < '3.12'" },
    { name = "matplotlib-inline", marker = "python_full_version < '3.12'" },
    { name = "pexpect", marker = "python_full_version < '3.12' and sys_platform != 'emscripten' and sys_platform != 'win32'" },
    { name = "prompt-toolkit", marker = "python_full_version < '3.12'" },
    { name = "pygments", marker = "python_full_version < '3.12'" },
    { name = "stack-data", marker = "python_full_version < '3.12'" },
    { name = "traitlets", marker = "python_full_version < '3.12'" },
    { name = "typing-extensions", marker = "python_full_version < '3.12'" },
]
sdist = { url = "https://files.pythonhosted.org/packages/c5/25/daae0e764047b0a2480c7bbb25d48f4f509b5818636562eeac145d06dfee/ipython-9.10.1.tar.gz", hash = "sha256:e170e9b2a44312484415bdb750492699bf329233b03f2557a9692cce6466ada4", size = 4426663, upload-time = "2026-03-27T09:53:26.244Z" }
wheels = [
    { url = "https://files.pythonhosted.org/packages/01/09/ba70f8d662d5671687da55ad2cc0064cf795b15e1eea70907532202e7c97/ipython-9.10.1-py3-none-any.whl", hash = "sha256:82d18ae9fb9164ded080c71ef92a182ee35ee7db2395f67616034bebb020a232", size = 622827, upload-time = "2026-03-27T09:53:24.566Z" },
]

[[package]]
name = "ipython"
version = "9.12.0"
source = { registry = "https://pypi.org/simple" }
resolution-markers = [
    "python_full_version >= '3.12'",
]
dependencies = [
    { name = "colorama", marker = "python_full_version >= '3.12' and sys_platform == 'win32'" },
    { name = "decorator", marker = "python_full_version >= '3.12'" },
    { name = "ipython-pygments-lexers", marker = "python_full_version >= '3.12'" },
    { name = "jedi", marker = "python_full_version >= '3.12'" },
    { name = "matplotlib-inline", marker = "python_full_version >= '3.12'" },
    { name = "pexpect", marker = "python_full_version >= '3.12' and sys_platform != 'emscripten' and sys_platform != 'win32'" },
    { name = "prompt-toolkit", marker = "python_full_version >= '3.12'" },
    { name = "pygments", marker = "python_full_version >= '3.12'" },
    { name = "stack-data", marker = "python_full_version >= '3.12'" },
    { name = "traitlets", marker = "python_full_version >= '3.12'" },
]
sdist = { url = "https://files.pythonhosted.org/packages/3a/73/7114f80a8f9cabdb13c27732dce24af945b2923dcab80723602f7c8bc2d8/ipython-9.12.0.tar.gz", hash = "sha256:01daa83f504b693ba523b5a407246cabde4eb4513285a3c6acaff11a66735ee4", size = 4428879, upload-time = "2026-03-27T09:42:45.312Z" }
wheels = [
    { url = "https://files.pythonhosted.org/packages/59/22/906c8108974c673ebef6356c506cebb6870d48cedea3c41e949e2dd556bb/ipython-9.12.0-py3-none-any.whl", hash = "sha256:0f2701e8ee86e117e37f50563205d36feaa259d2e08d4a6bc6b6d74b18ce128d", size = 625661, upload-time = "2026-03-27T09:42:42.831Z" },
]

[[package]]
name = "ipython-pygments-lexers"
version = "1.1.1"
source = { registry = "https://pypi.org/simple" }
dependencies = [
    { name = "pygments" },
]
sdist = { url = "https://files.pythonhosted.org/packages/ef/4c/5dd1d8af08107f88c7f741ead7a40854b8ac24ddf9ae850afbcf698aa552/ipython_pygments_lexers-1.1.1.tar.gz", hash = "sha256:09c0138009e56b6854f9535736f4171d855c8c08a563a0dcd8022f78355c7e81", size = 8393, upload-time = "2025-01-17T11:24:34.505Z" }
wheels = [
    { url = "https://files.pythonhosted.org/packages/d9/33/1f075bf72b0b747cb3288d011319aaf64083cf2efef8354174e3ed4540e2/ipython_pygments_lexers-1.1.1-py3-none-any.whl", hash = "sha256:a9462224a505ade19a605f71f8fa63c2048833ce50abc86768a0d81d876dc81c", size = 8074, upload-time = "2025-01-17T11:24:33.271Z" },
]

[[package]]
name = "jedi"
version = "0.19.2"
source = { registry = "https://pypi.org/simple" }
dependencies = [
    { name = "parso" },
]
sdist = { url = "https://files.pythonhosted.org/packages/72/3a/79a912fbd4d8dd6fbb02bf69afd3bb72cf0c729bb3063c6f4498603db17a/jedi-0.19.2.tar.gz", hash = "sha256:4770dc3de41bde3966b02eb84fbcf557fb33cce26ad23da12c742fb50ecb11f0", size = 1231287, upload-time = "2024-11-11T01:41:42.873Z" }
wheels = [
    { url = "https://files.pythonhosted.org/packages/c0/5a/9cac0c82afec3d09ccd97c8b6502d48f165f9124db81b4bcb90b4af974ee/jedi-0.19.2-py2.py3-none-any.whl", hash = "sha256:a8ef22bde8490f57fe5c7681a3c83cb58874daf72b4784de3cce5b6ef6edb5b9", size = 1572278, upload-time = "2024-11-11T01:41:40.175Z" },
]

[[package]]
name = "jsonpickle"
version = "4.1.1"
source = { registry = "https://pypi.org/simple" }
sdist = { url = "https://files.pythonhosted.org/packages/e4/a6/d07afcfdef402900229bcca795f80506b207af13a838d4d99ad45abf530c/jsonpickle-4.1.1.tar.gz", hash = "sha256:f86e18f13e2b96c1c1eede0b7b90095bbb61d99fedc14813c44dc2f361dbbae1", size = 316885, upload-time = "2025-06-02T20:36:11.57Z" }
wheels = [
    { url = "https://files.pythonhosted.org/packages/c1/73/04df8a6fa66d43a9fd45c30f283cc4afff17da671886e451d52af60bdc7e/jsonpickle-4.1.1-py3-none-any.whl", hash = "sha256:bb141da6057898aa2438ff268362b126826c812a1721e31cf08a6e142910dc91", size = 47125, upload-time = "2025-06-02T20:36:08.647Z" },
]

[[package]]
name = "markdown-it-py"
version = "4.0.0"
source = { registry = "https://pypi.org/simple" }
dependencies = [
    { name = "mdurl" },
]
sdist = { url = "https://files.pythonhosted.org/packages/5b/f5/4ec618ed16cc4f8fb3b701563655a69816155e79e24a17b651541804721d/markdown_it_py-4.0.0.tar.gz", hash = "sha256:cb0a2b4aa34f932c007117b194e945bd74e0ec24133ceb5bac59009cda1cb9f3", size = 73070, upload-time = "2025-08-11T12:57:52.854Z" }
wheels = [
    { url = "https://files.pythonhosted.org/packages/94/54/e7d793b573f298e1c9013b8c4dade17d481164aa517d1d7148619c2cedbf/markdown_it_py-4.0.0-py3-none-any.whl", hash = "sha256:87327c59b172c5011896038353a81343b6754500a08cd7a4973bb48c6d578147", size = 87321, upload-time = "2025-08-11T12:57:51.923Z" },
]

[[package]]
name = "matplotlib-inline"
version = "0.2.1"
source = { registry = "https://pypi.org/simple" }
dependencies = [
    { name = "traitlets" },
]
sdist = { url = "https://files.pythonhosted.org/packages/c7/74/97e72a36efd4ae2bccb3463284300f8953f199b5ffbc04cbbb0ec78f74b1/matplotlib_inline-0.2.1.tar.gz", hash = "sha256:e1ee949c340d771fc39e241ea75683deb94762c8fa5f2927ec57c83c4dffa9fe", size = 8110, upload-time = "2025-10-23T09:00:22.126Z" }
wheels = [
    { url = "https://files.pythonhosted.org/packages/af/33/ee4519fa02ed11a94aef9559552f3b17bb863f2ecfe1a35dc7f548cde231/matplotlib_inline-0.2.1-py3-none-any.whl", hash = "sha256:d56ce5156ba6085e00a9d54fead6ed29a9c47e215cd1bba2e976ef39f5710a76", size = 9516, upload-time = "2025-10-23T09:00:20.675Z" },
]

[[package]]
name = "mdurl"
version = "0.1.2"
source = { registry = "https://pypi.org/simple" }
sdist = { url = "https://files.pythonhosted.org/packages/d6/54/cfe61301667036ec958cb99bd3efefba235e65cdeb9c84d24a8293ba1d90/mdurl-0.1.2.tar.gz", hash = "sha256:bb413d29f5eea38f31dd4754dd7377d4465116fb207585f97bf925588687c1ba", size = 8729, upload-time = "2022-08-14T12:40:10.846Z" }
wheels = [
    { url = "https://files.pythonhosted.org/packages/b3/38/89ba8ad64ae25be8de66a6d463314cf1eb366222074cfda9ee839c56a4b4/mdurl-0.1.2-py3-none-any.whl", hash = "sha256:84008a41e51615a49fc9966191ff91509e3c40b939176e643fd50a5c2196b8f8", size = 9979, upload-time = "2022-08-14T12:40:09.779Z" },
]

[[package]]
name = "orjson"
version = "3.11.8"
source = { registry = "https://pypi.org/simple" }
sdist = { url = "https://files.pythonhosted.org/packages/9d/1b/2024d06792d0779f9dbc51531b61c24f76c75b9f4ce05e6f3377a1814cea/orjson-3.11.8.tar.gz", hash = "sha256:96163d9cdc5a202703e9ad1b9ae757d5f0ca62f4fa0cc93d1f27b0e180cc404e", size = 5603832, upload-time = "2026-03-31T16:16:27.878Z" }
wheels = [
    { url = "https://files.pythonhosted.org/packages/67/41/5aa7fa3b0f4dc6b47dcafc3cea909299c37e40e9972feabc8b6a74e2730d/orjson-3.11.8-cp311-cp311-macosx_10_15_x86_64.macosx_11_0_arm64.macosx_10_15_universal2.whl", hash = "sha256:003646067cc48b7fcab2ae0c562491c9b5d2cbd43f1e5f16d98fd118c5522d34", size = 229229, upload-time = "2026-03-31T16:14:50.424Z" },
    { url = "https://files.pythonhosted.org/packages/0a/d7/57e7f2458e0a2c41694f39fc830030a13053a84f837a5b73423dca1f0938/orjson-3.11.8-cp311-cp311-macosx_15_0_arm64.whl", hash = "sha256:ed193ce51d77a3830cad399a529cd4ef029968761f43ddc549e1bc62b40d88f8", size = 128871, upload-time = "2026-03-31T16:14:51.888Z" },
    { url = "https://files.pythonhosted.org/packages/53/4a/e0fdb9430983e6c46e0299559275025075568aad5d21dd606faee3703924/orjson-3.11.8-cp311-cp311-manylinux_2_17_aarch64.manylinux2014_aarch64.whl", hash = "sha256:f30491bc4f862aa15744b9738517454f1e46e56c972a2be87d70d727d5b2a8f8", size = 132104, upload-time = "2026-03-31T16:14:53.142Z" },
    { url = "https://files.pythonhosted.org/packages/08/4a/2025a60ff3f5c8522060cda46612d9b1efa653de66ed2908591d8d82f22d/orjson-3.11.8-cp311-cp311-manylinux_2_17_armv7l.manylinux2014_armv7l.whl", hash = "sha256:6eda5b8b6be91d3f26efb7dc6e5e68ee805bc5617f65a328587b35255f138bf4", size = 130483, upload-time = "2026-03-31T16:14:54.605Z" },
    { url = "https://files.pythonhosted.org/packages/2d/3c/b9cde05bdc7b2385c66014e0620627da638d3d04e4954416ab48c31196c5/orjson-3.11.8-cp311-cp311-manylinux_2_17_i686.manylinux2014_i686.whl", hash = "sha256:ee8db7bfb6fe03581bbab54d7c4124a6dd6a7f4273a38f7267197890f094675f", size = 135481, upload-time = "2026-03-31T16:14:55.901Z" },
    { url = "https://files.pythonhosted.org/packages/ff/f2/a8238e7734de7cb589fed319857a8025d509c89dc52fdcc88f39c6d03d5a/orjson-3.11.8-cp311-cp311-manylinux_2_17_ppc64le.manylinux2014_ppc64le.whl", hash = "sha256:5d8b5231de76c528a46b57010bbd83fb51e056aa0220a372fd5065e978406f1c", size = 146819, upload-time = "2026-03-31T16:14:57.548Z" },
    { url = "https://files.pythonhosted.org/packages/db/10/dbf1e2a3cafea673b1b4350e371877b759060d6018a998643b7040e5de48/orjson-3.11.8-cp311-cp311-manylinux_2_17_s390x.manylinux2014_s390x.whl", hash = "sha256:58a4a208a6fbfdb7a7327b8f201c6014f189f721fd55d047cafc4157af1bc62a", size = 132846, upload-time = "2026-03-31T16:14:58.91Z" },
    { url = "https://files.pythonhosted.org/packages/f8/fc/55e667ec9c85694038fcff00573d221b085d50777368ee3d77f38668bf3c/orjson-3.11.8-cp311-cp311-manylinux_2_17_x86_64.manylinux2014_x86_64.whl", hash = "sha256:5f8952d6d2505c003e8f0224ff7858d341fa4e33fef82b91c4ff0ef070f2393c", size = 133580, upload-time = "2026-03-31T16:15:00.519Z" },
    { url = "https://files.pythonhosted.org/packages/7e/a6/c08c589a9aad0cb46c4831d17de212a2b6901f9d976814321ff8e69e8785/orjson-3.11.8-cp311-cp311-musllinux_1_2_aarch64.whl", hash = "sha256:0022bb50f90da04b009ce32c512dc1885910daa7cb10b7b0cba4505b16db82a8", size = 142042, upload-time = "2026-03-31T16:15:01.906Z" },
    { url = "https://files.pythonhosted.org/packages/5c/cc/2f78ea241d52b717d2efc38878615fe80425bf2beb6e68c984dde257a766/orjson-3.11.8-cp311-cp311-musllinux_1_2_armv7l.whl", hash = "sha256:ff51f9d657d1afb6f410cb435792ce4e1fe427aab23d2fcd727a2876e21d4cb6", size = 423845, upload-time = "2026-03-31T16:15:03.703Z" },
    { url = "https://files.pythonhosted.org/packages/70/07/c17dcf05dd8045457538428a983bf1f1127928df5bf328cb24d2b7cddacb/orjson-3.11.8-cp311-cp311-musllinux_1_2_i686.whl", hash = "sha256:6dbe9a97bdb4d8d9d5367b52a7c32549bba70b2739c58ef74a6964a6d05ae054", size = 147729, upload-time = "2026-03-31T16:15:05.203Z" },
    { url = "https://files.pythonhosted.org/packages/90/6c/0fb6e8a24e682e0958d71711ae6f39110e4b9cd8cab1357e2a89cb8e1951/orjson-3.11.8-cp311-cp311-musllinux_1_2_x86_64.whl", hash = "sha256:a5c370674ebabe16c6ccac33ff80c62bf8a6e59439f5e9d40c1f5ab8fd2215b7", size = 136425, upload-time = "2026-03-31T16:15:07.052Z" },
    { url = "https://files.pythonhosted.org/packages/b2/35/4d3cc3a3d616035beb51b24a09bb872942dc452cf2df0c1d11ab35046d9f/orjson-3.11.8-cp311-cp311-win32.whl", hash = "sha256:0e32f7154299f42ae66f13488963269e5eccb8d588a65bc839ed986919fc9fac", size = 131870, upload-time = "2026-03-31T16:15:08.678Z" },
    { url = "https://files.pythonhosted.org/packages/13/26/9fe70f81d16b702f8c3a775e8731b50ad91d22dacd14c7599b60a0941cd1/orjson-3.11.8-cp311-cp311-win_amd64.whl", hash = "sha256:25e0c672a2e32348d2eb33057b41e754091f2835f87222e4675b796b92264f06", size = 127440, upload-time = "2026-03-31T16:15:09.994Z" },
    { url = "https://files.pythonhosted.org/packages/e8/c6/b038339f4145efd2859c1ca53097a52c0bb9cbdd24f947ebe146da1ad067/orjson-3.11.8-cp311-cp311-win_arm64.whl", hash = "sha256:9185589c1f2a944c17e26c9925dcdbc2df061cc4a145395c57f0c51f9b5dbfcd", size = 127399, upload-time = "2026-03-31T16:15:11.412Z" },
    { url = "https://files.pythonhosted.org/packages/01/f6/8d58b32ab32d9215973a1688aebd098252ee8af1766c0e4e36e7831f0295/orjson-3.11.8-cp312-cp312-macosx_10_15_x86_64.macosx_11_0_arm64.macosx_10_15_universal2.whl", hash = "sha256:1cd0b77e77c95758f8e1100139844e99f3ccc87e71e6fc8e1c027e55807c549f", size = 229233, upload-time = "2026-03-31T16:15:12.762Z" },
    { url = "https://files.pythonhosted.org/packages/a9/8b/2ffe35e71f6b92622e8ea4607bf33ecf7dfb51b3619dcfabfd36cbe2d0a5/orjson-3.11.8-cp312-cp312-macosx_15_0_arm64.whl", hash = "sha256:6a3d159d5ffa0e3961f353c4b036540996bf8b9697ccc38261c0eac1fd3347a6", size = 128772, upload-time = "2026-03-31T16:15:14.237Z" },
    { url = "https://files.pythonhosted.org/packages/27/d2/1f8682ae50d5c6897a563cb96bc106da8c9cb5b7b6e81a52e4cc086679b9/orjson-3.11.8-cp312-cp312-manylinux_2_17_aarch64.manylinux2014_aarch64.whl", hash = "sha256:76070a76e9c5ae661e2d9848f216980d8d533e0f8143e6ed462807b242e3c5e8", size = 131946, upload-time = "2026-03-31T16:15:15.607Z" },
    { url = "https://files.pythonhosted.org/packages/52/4b/5500f76f0eece84226e0689cb48dcde081104c2fa6e2483d17ca13685ffb/orjson-3.11.8-cp312-cp312-manylinux_2_17_armv7l.manylinux2014_armv7l.whl", hash = "sha256:54153d21520a71a4c82a0dbb4523e468941d549d221dc173de0f019678cf3813", size = 130368, upload-time = "2026-03-31T16:15:17.066Z" },
    { url = "https://files.pythonhosted.org/packages/da/4e/58b927e08fbe9840e6c920d9e299b051ea667463b1f39a56e668669f8508/orjson-3.11.8-cp312-cp312-manylinux_2_17_i686.manylinux2014_i686.whl", hash = "sha256:469ac2125611b7c5741a0b3798cd9e5786cbad6345f9f400c77212be89563bec", size = 135540, upload-time = "2026-03-31T16:15:18.404Z" },
    { url = "https://files.pythonhosted.org/packages/56/7c/ba7cb871cba1bcd5cd02ee34f98d894c6cea96353ad87466e5aef2429c60/orjson-3.11.8-cp312-cp312-manylinux_2_17_ppc64le.manylinux2014_ppc64le.whl", hash = "sha256:14778ffd0f6896aa613951a7fbf4690229aa7a543cb2bfbe9f358e08aafa9546", size = 146877, upload-time = "2026-03-31T16:15:19.833Z" },
    { url = "https://files.pythonhosted.org/packages/0b/5d/eb9c25fc1386696c6a342cd361c306452c75e0b55e86ad602dd4827a7fd7/orjson-3.11.8-cp312-cp312-manylinux_2_17_s390x.manylinux2014_s390x.whl", hash = "sha256:ea56a955056a6d6c550cf18b3348656a9d9a4f02e2d0c02cabf3c73f1055d506", size = 132837, upload-time = "2026-03-31T16:15:21.282Z" },
    { url = "https://files.pythonhosted.org/packages/37/87/5ddeb7fc1fbd9004aeccab08426f34c81a5b4c25c7061281862b015fce2b/orjson-3.11.8-cp312-cp312-manylinux_2_17_x86_64.manylinux2014_x86_64.whl", hash = "sha256:53a0f57e59a530d18a142f4d4ba6dfc708dc5fdedce45e98ff06b44930a2a48f", size = 133624, upload-time = "2026-03-31T16:15:22.641Z" },
    { url = "https://files.pythonhosted.org/packages/22/09/90048793db94ee4b2fcec4ac8e5ddb077367637d6650be896b3494b79bb7/orjson-3.11.8-cp312-cp312-musllinux_1_2_aarch64.whl", hash = "sha256:9b48e274f8824567d74e2158199e269597edf00823a1b12b63d48462bbf5123e", size = 141904, upload-time = "2026-03-31T16:15:24.435Z" },
    { url = "https://files.pythonhosted.org/packages/c0/cf/eb284847487821a5d415e54149a6449ba9bfc5872ce63ab7be41b8ec401c/orjson-3.11.8-cp312-cp312-musllinux_1_2_armv7l.whl", hash = "sha256:3f262401086a3960586af06c054609365e98407151f5ea24a62893a40d80dbbb", size = 423742, upload-time = "2026-03-31T16:15:26.155Z" },
    { url = "https://files.pythonhosted.org/packages/44/09/e12423d327071c851c13e76936f144a96adacfc037394dec35ac3fc8d1e8/orjson-3.11.8-cp312-cp312-musllinux_1_2_i686.whl", hash = "sha256:8e8c6218b614badf8e229b697865df4301afa74b791b6c9ade01d19a9953a942", size = 147806, upload-time = "2026-03-31T16:15:27.909Z" },
    { url = "https://files.pythonhosted.org/packages/b3/6d/37c2589ba864e582ffe7611643314785c6afb1f83c701654ef05daa8fcc7/orjson-3.11.8-cp312-cp312-musllinux_1_2_x86_64.whl", hash = "sha256:093d489fa039ddade2db541097dbb484999fcc65fc2b0ff9819141e2ab364f25", size = 136485, upload-time = "2026-03-31T16:15:29.749Z" },
    { url = "https://files.pythonhosted.org/packages/be/c9/135194a02ab76b04ed9a10f68624b7ebd238bbe55548878b11ff15a0f352/orjson-3.11.8-cp312-cp312-win32.whl", hash = "sha256:e0950ed1bcb9893f4293fd5c5a7ee10934fbf82c4101c70be360db23ce24b7d2", size = 131966, upload-time = "2026-03-31T16:15:31.687Z" },
    { url = "https://files.pythonhosted.org/packages/ed/9a/9796f8fbe3cf30ce9cb696748dbb535e5c87be4bf4fe2e9ca498ef1fa8cf/orjson-3.11.8-cp312-cp312-win_amd64.whl", hash = "sha256:3cf17c141617b88ced4536b2135c552490f07799f6ad565948ea07bef0dcb9a6", size = 127441, upload-time = "2026-03-31T16:15:33.333Z" },
    { url = "https://files.pythonhosted.org/packages/cc/47/5aaf54524a7a4a0dd09dd778f3fa65dd2108290615b652e23d944152bc8e/orjson-3.11.8-cp312-cp312-win_arm64.whl", hash = "sha256:48854463b0572cc87dac7d981aa72ed8bf6deedc0511853dc76b8bbd5482d36d", size = 127364, upload-time = "2026-03-31T16:15:34.748Z" },
    { url = "https://files.pythonhosted.org/packages/66/7f/95fba509bb2305fab0073558f1e8c3a2ec4b2afe58ed9fcb7d3b8beafe94/orjson-3.11.8-cp313-cp313-macosx_10_15_x86_64.macosx_11_0_arm64.macosx_10_15_universal2.whl", hash = "sha256:3f23426851d98478c8970da5991f84784a76682213cd50eb73a1da56b95239dc", size = 229180, upload-time = "2026-03-31T16:15:36.426Z" },
    { url = "https://files.pythonhosted.org/packages/f6/9d/b237215c743ca073697d759b5503abd2cb8a0d7b9c9e21f524bcf176ab66/orjson-3.11.8-cp313-cp313-macosx_15_0_arm64.whl", hash = "sha256:ebaed4cef74a045b83e23537b52ef19a367c7e3f536751e355a2a394f8648559", size = 128754, upload-time = "2026-03-31T16:15:38.049Z" },
    { url = "https://files.pythonhosted.org/packages/42/3d/27d65b6d11e63f133781425f132807aef793ed25075fec686fc8e46dd528/orjson-3.11.8-cp313-cp313-manylinux_2_17_aarch64.manylinux2014_aarch64.whl", hash = "sha256:97c8f5d3b62380b70c36ffacb2a356b7c6becec86099b177f73851ba095ef623", size = 131877, upload-time = "2026-03-31T16:15:39.484Z" },
    { url = "https://files.pythonhosted.org/packages/dd/cc/faee30cd8f00421999e40ef0eba7332e3a625ce91a58200a2f52c7fef235/orjson-3.11.8-cp313-cp313-manylinux_2_17_armv7l.manylinux2014_armv7l.whl", hash = "sha256:436c4922968a619fb7fef1ccd4b8b3a76c13b67d607073914d675026e911a65c", size = 130361, upload-time = "2026-03-31T16:15:41.274Z" },
    { url = "https://files.pythonhosted.org/packages/5c/bb/a6c55896197f97b6d4b4e7c7fd77e7235517c34f5d6ad5aadd43c54c6d7c/orjson-3.11.8-cp313-cp313-manylinux_2_17_i686.manylinux2014_i686.whl", hash = "sha256:1ab359aff0436d80bfe8a23b46b5fea69f1e18aaf1760a709b4787f1318b317f", size = 135521, upload-time = "2026-03-31T16:15:42.758Z" },
    { url = "https://files.pythonhosted.org/packages/9c/7c/ca3a3525aa32ff636ebb1778e77e3587b016ab2edb1b618b36ba96f8f2c0/orjson-3.11.8-cp313-cp313-manylinux_2_17_ppc64le.manylinux2014_ppc64le.whl", hash = "sha256:f89b6d0b3a8d81e1929d3ab3d92bbc225688bd80a770c49432543928fe09ac55", size = 146862, upload-time = "2026-03-31T16:15:44.341Z" },
    { url = "https://files.pythonhosted.org/packages/3c/0c/18a9d7f18b5edd37344d1fd5be17e94dc652c67826ab749c6e5948a78112/orjson-3.11.8-cp313-cp313-manylinux_2_17_s390x.manylinux2014_s390x.whl", hash = "sha256:29c009e7a2ca9ad0ed1376ce20dd692146a5d9fe4310848904b6b4fee5c5c137", size = 132847, upload-time = "2026-03-31T16:15:46.368Z" },
    { url = "https://files.pythonhosted.org/packages/23/91/7e722f352ad67ca573cee44de2a58fb810d0f4eb4e33276c6a557979fd8a/orjson-3.11.8-cp313-cp313-manylinux_2_17_x86_64.manylinux2014_x86_64.whl", hash = "sha256:705b895b781b3e395c067129d8551655642dfe9437273211d5404e87ac752b53", size = 133637, upload-time = "2026-03-31T16:15:48.123Z" },
    { url = "https://files.pythonhosted.org/packages/af/04/32845ce13ac5bd1046ddb02ac9432ba856cc35f6d74dde95864fe0ad5523/orjson-3.11.8-cp313-cp313-musllinux_1_2_aarch64.whl", hash = "sha256:88006eda83858a9fdf73985ce3804e885c2befb2f506c9a3723cdeb5a2880e3e", size = 141906, upload-time = "2026-03-31T16:15:49.626Z" },
    { url = "https://files.pythonhosted.org/packages/02/5e/c551387ddf2d7106d9039369862245c85738b828844d13b99ccb8d61fd06/orjson-3.11.8-cp313-cp313-musllinux_1_2_armv7l.whl", hash = "sha256:55120759e61309af7fcf9e961c6f6af3dde5921cdb3ee863ef63fd9db126cae6", size = 423722, upload-time = "2026-03-31T16:15:51.176Z" },
    { url = "https://files.pythonhosted.org/packages/00/a3/ecfe62434096f8a794d4976728cb59bcfc4a643977f21c2040545d37eb4c/orjson-3.11.8-cp313-cp313-musllinux_1_2_i686.whl", hash = "sha256:98bdc6cb889d19bed01de46e67574a2eab61f5cc6b768ed50e8ac68e9d6ffab6", size = 147801, upload-time = "2026-03-31T16:15:52.939Z" },
    { url = "https://files.pythonhosted.org/packages/18/6d/0dce10b9f6643fdc59d99333871a38fa5a769d8e2fc34a18e5d2bfdee900/orjson-3.11.8-cp313-cp313-musllinux_1_2_x86_64.whl", hash = "sha256:708c95f925a43ab9f34625e45dcdadf09ec8a6e7b664a938f2f8d5650f6c090b", size = 136460, upload-time = "2026-03-31T16:15:54.431Z" },
    { url = "https://files.pythonhosted.org/packages/01/d6/6dde4f31842d87099238f1f07b459d24edc1a774d20687187443ab044191/orjson-3.11.8-cp313-cp313-win32.whl", hash = "sha256:01c4e5a6695dc09098f2e6468a251bc4671c50922d4d745aff1a0a33a0cf5b8d", size = 131956, upload-time = "2026-03-31T16:15:56.081Z" },
    { url = "https://files.pythonhosted.org/packages/c1/f9/4e494a56e013db957fb77186b818b916d4695b8fa2aa612364974160e91b/orjson-3.11.8-cp313-cp313-win_amd64.whl", hash = "sha256:c154a35dd1330707450bb4d4e7dd1f17fa6f42267a40c1e8a1daa5e13719b4b8", size = 127410, upload-time = "2026-03-31T16:15:57.54Z" },
    { url = "https://files.pythonhosted.org/packages/57/7f/803203d00d6edb6e9e7eef421d4e1adbb5ea973e40b3533f3cfd9aeb374e/orjson-3.11.8-cp313-cp313-win_arm64.whl", hash = "sha256:4861bde57f4d253ab041e374f44023460e60e71efaa121f3c5f0ed457c3a701e", size = 127338, upload-time = "2026-03-31T16:15:59.106Z" },
    { url = "https://files.pythonhosted.org/packages/6d/35/b01910c3d6b85dc882442afe5060cbf719c7d1fc85749294beda23d17873/orjson-3.11.8-cp314-cp314-macosx_10_15_x86_64.macosx_11_0_arm64.macosx_10_15_universal2.whl", hash = "sha256:ec795530a73c269a55130498842aaa762e4a939f6ce481a7e986eeaa790e9da4", size = 229171, upload-time = "2026-03-31T16:16:00.651Z" },
    { url = "https://files.pythonhosted.org/packages/c2/56/c9ec97bd11240abef39b9e5d99a15462809c45f677420fd148a6c5e6295e/orjson-3.11.8-cp314-cp314-macosx_15_0_arm64.whl", hash = "sha256:c492a0e011c0f9066e9ceaa896fbc5b068c54d365fea5f3444b697ee01bc8625", size = 128746, upload-time = "2026-03-31T16:16:02.673Z" },
    { url = "https://files.pythonhosted.org/packages/3b/e4/66d4f30a90de45e2f0cbd9623588e8ae71eef7679dbe2ae954ed6d66a41f/orjson-3.11.8-cp314-cp314-manylinux_2_17_aarch64.manylinux2014_aarch64.whl", hash = "sha256:883206d55b1bd5f5679ad5e6ddd3d1a5e3cac5190482927fdb8c78fb699193b5", size = 131867, upload-time = "2026-03-31T16:16:04.342Z" },
    { url = "https://files.pythonhosted.org/packages/19/30/2a645fc9286b928675e43fa2a3a16fb7b6764aa78cc719dc82141e00f30b/orjson-3.11.8-cp314-cp314-manylinux_2_17_armv7l.manylinux2014_armv7l.whl", hash = "sha256:5774c1fdcc98b2259800b683b19599c133baeb11d60033e2095fd9d4667b82db", size = 124664, upload-time = "2026-03-31T16:16:05.837Z" },
    { url = "https://files.pythonhosted.org/packages/db/44/77b9a86d84a28d52ba3316d77737f6514e17118119ade3f91b639e859029/orjson-3.11.8-cp314-cp314-manylinux_2_17_i686.manylinux2014_i686.whl", hash = "sha256:8ac7381c83dd3d4a6347e6635950aa448f54e7b8406a27c7ecb4a37e9f1ae08b", size = 129701, upload-time = "2026-03-31T16:16:07.407Z" },
    { url = "https://files.pythonhosted.org/packages/b3/ea/eff3d9bfe47e9bc6969c9181c58d9f71237f923f9c86a2d2f490cd898c82/orjson-3.11.8-cp314-cp314-manylinux_2_17_ppc64le.manylinux2014_ppc64le.whl", hash = "sha256:14439063aebcb92401c11afc68ee4e407258d2752e62d748b6942dad20d2a70d", size = 141202, upload-time = "2026-03-31T16:16:09.48Z" },
    { url = "https://files.pythonhosted.org/packages/52/c8/90d4b4c60c84d62068d0cf9e4d8f0a4e05e76971d133ac0c60d818d4db20/orjson-3.11.8-cp314-cp314-manylinux_2_17_s390x.manylinux2014_s390x.whl", hash = "sha256:fa72e71977bff96567b0f500fc5bfd2fdf915f34052c782a4c6ebbdaa97aa858", size = 127194, upload-time = "2026-03-31T16:16:11.02Z" },
    { url = "https://files.pythonhosted.org/packages/8d/c7/ea9e08d1f0ba981adffb629811148b44774d935171e7b3d780ae43c4c254/orjson-3.11.8-cp314-cp314-manylinux_2_17_x86_64.manylinux2014_x86_64.whl", hash = "sha256:7679bc2f01bb0d219758f1a5f87bb7c8a81c0a186824a393b366876b4948e14f", size = 133639, upload-time = "2026-03-31T16:16:13.434Z" },
    { url = "https://files.pythonhosted.org/packages/6c/8c/ddbbfd6ba59453c8fc7fe1d0e5983895864e264c37481b2a791db635f046/orjson-3.11.8-cp314-cp314-musllinux_1_2_aarch64.whl", hash = "sha256:14f7b8fcb35ef403b42fa5ecfa4ed032332a91f3dc7368fbce4184d59e1eae0d", size = 141914, upload-time = "2026-03-31T16:16:14.955Z" },
    { url = "https://files.pythonhosted.org/packages/4e/31/dbfbefec9df060d34ef4962cd0afcb6fa7a9ec65884cb78f04a7859526c3/orjson-3.11.8-cp314-cp314-musllinux_1_2_armv7l.whl", hash = "sha256:c2bdf7b2facc80b5e34f48a2d557727d5c5c57a8a450de122ae81fa26a81c1bc", size = 423800, upload-time = "2026-03-31T16:16:16.594Z" },
    { url = "https://files.pythonhosted.org/packages/87/cf/f74e9ae9803d4ab46b163494adba636c6d7ea955af5cc23b8aaa94cfd528/orjson-3.11.8-cp314-cp314-musllinux_1_2_i686.whl", hash = "sha256:ccd7ba1b0605813a0715171d39ec4c314cb97a9c85893c2c5c0c3a3729df38bf", size = 147837, upload-time = "2026-03-31T16:16:18.585Z" },
    { url = "https://files.pythonhosted.org/packages/64/e6/9214f017b5db85e84e68602792f742e5dc5249e963503d1b356bee611e01/orjson-3.11.8-cp314-cp314-musllinux_1_2_x86_64.whl", hash = "sha256:cdbc8c9c02463fef4d3c53a9ba3336d05496ec8e1f1c53326a1e4acc11f5c600", size = 136441, upload-time = "2026-03-31T16:16:20.151Z" },
    { url = "https://files.pythonhosted.org/packages/24/dd/3590348818f58f837a75fb969b04cdf187ae197e14d60b5e5a794a38b79d/orjson-3.11.8-cp314-cp314-win32.whl", hash = "sha256:0b57f67710a8cd459e4e54eb96d5f77f3624eba0c661ba19a525807e42eccade", size = 131983, upload-time = "2026-03-31T16:16:21.823Z" },
    { url = "https://files.pythonhosted.org/packages/3f/0f/b6cb692116e05d058f31ceee819c70f097fa9167c82f67fabe7516289abc/orjson-3.11.8-cp314-cp314-win_amd64.whl", hash = "sha256:735e2262363dcbe05c35e3a8869898022af78f89dde9e256924dc02e99fe69ca", size = 127396, upload-time = "2026-03-31T16:16:23.685Z" },
    { url = "https://files.pythonhosted.org/packages/c0/d1/facb5b5051fabb0ef9d26c6544d87ef19a939a9a001198655d0d891062dd/orjson-3.11.8-cp314-cp314-win_arm64.whl", hash = "sha256:6ccdea2c213cf9f3d9490cbd5d427693c870753df41e6cb375bd79bcbafc8817", size = 127330, upload-time = "2026-03-31T16:16:25.496Z" },
]

[[package]]
name = "parso"
version = "0.8.6"
source = { registry = "https://pypi.org/simple" }
sdist = { url = "https://files.pythonhosted.org/packages/81/76/a1e769043c0c0c9fe391b702539d594731a4362334cdf4dc25d0c09761e7/parso-0.8.6.tar.gz", hash = "sha256:2b9a0332696df97d454fa67b81618fd69c35a7b90327cbe6ba5c92d2c68a7bfd", size = 401621, upload-time = "2026-02-09T15:45:24.425Z" }
wheels = [
    { url = "https://files.pythonhosted.org/packages/b6/61/fae042894f4296ec49e3f193aff5d7c18440da9e48102c3315e1bc4519a7/parso-0.8.6-py2.py3-none-any.whl", hash = "sha256:2c549f800b70a5c4952197248825584cb00f033b29c692671d3bf08bf380baff", size = 106894, upload-time = "2026-02-09T15:45:21.391Z" },
]

[[package]]
name = "pexpect"
version = "4.9.0"
source = { registry = "https://pypi.org/simple" }
dependencies = [
    { name = "ptyprocess" },
]
sdist = { url = "https://files.pythonhosted.org/packages/42/92/cc564bf6381ff43ce1f4d06852fc19a2f11d180f23dc32d9588bee2f149d/pexpect-4.9.0.tar.gz", hash = "sha256:ee7d41123f3c9911050ea2c2dac107568dc43b2d3b0c7557a33212c398ead30f", size = 166450, upload-time = "2023-11-25T09:07:26.339Z" }
wheels = [
    { url = "https://files.pythonhosted.org/packages/9e/c3/059298687310d527a58bb01f3b1965787ee3b40dce76752eda8b44e9a2c5/pexpect-4.9.0-py2.py3-none-any.whl", hash = "sha256:7236d1e080e4936be2dc3e326cec0af72acf9212a7e1d060210e70a47e253523", size = 63772, upload-time = "2023-11-25T06:56:14.81Z" },
]

[[package]]
name = "prompt-toolkit"
version = "3.0.52"
source = { registry = "https://pypi.org/simple" }
dependencies = [
    { name = "wcwidth" },
]
sdist = { url = "https://files.pythonhosted.org/packages/a1/96/06e01a7b38dce6fe1db213e061a4602dd6032a8a97ef6c1a862537732421/prompt_toolkit-3.0.52.tar.gz", hash = "sha256:28cde192929c8e7321de85de1ddbe736f1375148b02f2e17edd840042b1be855", size = 434198, upload-time = "2025-08-27T15:24:02.057Z" }
wheels = [
    { url = "https://files.pythonhosted.org/packages/84/03/0d3ce49e2505ae70cf43bc5bb3033955d2fc9f932163e84dc0779cc47f48/prompt_toolkit-3.0.52-py3-none-any.whl", hash = "sha256:9aac639a3bbd33284347de5ad8d68ecc044b91a762dc39b7c21095fcd6a19955", size = 391431, upload-time = "2025-08-27T15:23:59.498Z" },
]

[[package]]
name = "prosperity4btx"
version = "0.0.2"
source = { registry = "https://pypi.org/simple" }
dependencies = [
    { name = "ipython", version = "9.10.1", source = { registry = "https://pypi.org/simple" }, marker = "python_full_version < '3.12'" },
    { name = "ipython", version = "9.12.0", source = { registry = "https://pypi.org/simple" }, marker = "python_full_version >= '3.12'" },
    { name = "jsonpickle" },
    { name = "orjson" },
    { name = "tqdm" },
    { name = "typer" },
]
sdist = { url = "https://files.pythonhosted.org/packages/db/d1/6ec3e17b1c04a04e45e9007fde3176de7f8d4f0180893a39446c8b02862b/prosperity4btx-0.0.2.tar.gz", hash = "sha256:7687df07a7fec0a2a0ca45ad2bff65f79e38cb14bd7ca45c8a5643d3f689d697", size = 325626, upload-time = "2026-03-17T07:09:26.728Z" }
wheels = [
    { url = "https://files.pythonhosted.org/packages/70/0f/cd65609476ab34445b9ed8fa9288678c1ab947fd13b412f195f3bf72894a/prosperity4btx-0.0.2-py3-none-any.whl", hash = "sha256:0061db74d97fb3acab8c010320ace9c1b51c9f155a6b4e85d0a11a8615f4b159", size = 369857, upload-time = "2026-03-17T07:09:23.958Z" },
]

[[package]]
name = "ptyprocess"
version = "0.7.0"
source = { registry = "https://pypi.org/simple" }
sdist = { url = "https://files.pythonhosted.org/packages/20/e5/16ff212c1e452235a90aeb09066144d0c5a6a8c0834397e03f5224495c4e/ptyprocess-0.7.0.tar.gz", hash = "sha256:5c5d0a3b48ceee0b48485e0c26037c0acd7d29765ca3fbb5cb3831d347423220", size = 70762, upload-time = "2020-12-28T15:15:30.155Z" }
wheels = [
    { url = "https://files.pythonhosted.org/packages/22/a6/858897256d0deac81a172289110f31629fc4cee19b6f01283303e18c8db3/ptyprocess-0.7.0-py2.py3-none-any.whl", hash = "sha256:4b41f3967fce3af57cc7e94b888626c18bf37a083e3651ca8feeb66d492fef35", size = 13993, upload-time = "2020-12-28T15:15:28.35Z" },
]

[[package]]
name = "pure-eval"
version = "0.2.3"
source = { registry = "https://pypi.org/simple" }
sdist = { url = "https://files.pythonhosted.org/packages/cd/05/0a34433a064256a578f1783a10da6df098ceaa4a57bbeaa96a6c0352786b/pure_eval-0.2.3.tar.gz", hash = "sha256:5f4e983f40564c576c7c8635ae88db5956bb2229d7e9237d03b3c0b0190eaf42", size = 19752, upload-time = "2024-07-21T12:58:21.801Z" }
wheels = [
    { url = "https://files.pythonhosted.org/packages/8e/37/efad0257dc6e593a18957422533ff0f87ede7c9c6ea010a2177d738fb82f/pure_eval-0.2.3-py3-none-any.whl", hash = "sha256:1db8e35b67b3d218d818ae653e27f06c3aa420901fa7b081ca98cbedc874e0d0", size = 11842, upload-time = "2024-07-21T12:58:20.04Z" },
]

[[package]]
name = "pygments"
version = "2.20.0"
source = { registry = "https://pypi.org/simple" }
sdist = { url = "https://files.pythonhosted.org/packages/c3/b2/bc9c9196916376152d655522fdcebac55e66de6603a76a02bca1b6414f6c/pygments-2.20.0.tar.gz", hash = "sha256:6757cd03768053ff99f3039c1a36d6c0aa0b263438fcab17520b30a303a82b5f", size = 4955991, upload-time = "2026-03-29T13:29:33.898Z" }
wheels = [
    { url = "https://files.pythonhosted.org/packages/f4/7e/a72dd26f3b0f4f2bf1dd8923c85f7ceb43172af56d63c7383eb62b332364/pygments-2.20.0-py3-none-any.whl", hash = "sha256:81a9e26dd42fd28a23a2d169d86d7ac03b46e2f8b59ed4698fb4785f946d0176", size = 1231151, upload-time = "2026-03-29T13:29:30.038Z" },
]

[[package]]
name = "rich"
version = "14.3.3"
source = { registry = "https://pypi.org/simple" }
dependencies = [
    { name = "markdown-it-py" },
    { name = "pygments" },
]
sdist = { url = "https://files.pythonhosted.org/packages/b3/c6/f3b320c27991c46f43ee9d856302c70dc2d0fb2dba4842ff739d5f46b393/rich-14.3.3.tar.gz", hash = "sha256:b8daa0b9e4eef54dd8cf7c86c03713f53241884e814f4e2f5fb342fe520f639b", size = 230582, upload-time = "2026-02-19T17:23:12.474Z" }
wheels = [
    { url = "https://files.pythonhosted.org/packages/14/25/b208c5683343959b670dc001595f2f3737e051da617f66c31f7c4fa93abc/rich-14.3.3-py3-none-any.whl", hash = "sha256:793431c1f8619afa7d3b52b2cdec859562b950ea0d4b6b505397612db8d5362d", size = 310458, upload-time = "2026-02-19T17:23:13.732Z" },
]

[[package]]
name = "shellingham"
version = "1.5.4"
source = { registry = "https://pypi.org/simple" }
sdist = { url = "https://files.pythonhosted.org/packages/58/15/8b3609fd3830ef7b27b655beb4b4e9c62313a4e8da8c676e142cc210d58e/shellingham-1.5.4.tar.gz", hash = "sha256:8dbca0739d487e5bd35ab3ca4b36e11c4078f3a234bfce294b0a0291363404de", size = 10310, upload-time = "2023-10-24T04:13:40.426Z" }
wheels = [
    { url = "https://files.pythonhosted.org/packages/e0/f9/0595336914c5619e5f28a1fb793285925a8cd4b432c9da0a987836c7f822/shellingham-1.5.4-py2.py3-none-any.whl", hash = "sha256:7ecfff8f2fd72616f7481040475a65b2bf8af90a56c89140852d1120324e8686", size = 9755, upload-time = "2023-10-24T04:13:38.866Z" },
]

[[package]]
name = "stack-data"
version = "0.6.3"
source = { registry = "https://pypi.org/simple" }
dependencies = [
    { name = "asttokens" },
    { name = "executing" },
    { name = "pure-eval" },
]
sdist = { url = "https://files.pythonhosted.org/packages/28/e3/55dcc2cfbc3ca9c29519eb6884dd1415ecb53b0e934862d3559ddcb7e20b/stack_data-0.6.3.tar.gz", hash = "sha256:836a778de4fec4dcd1dcd89ed8abff8a221f58308462e1c4aa2a3cf30148f0b9", size = 44707, upload-time = "2023-09-30T13:58:05.479Z" }
wheels = [
    { url = "https://files.pythonhosted.org/packages/f1/7b/ce1eafaf1a76852e2ec9b22edecf1daa58175c090266e9f6c64afcd81d91/stack_data-0.6.3-py3-none-any.whl", hash = "sha256:d5558e0c25a4cb0853cddad3d77da9891a08cb85dd9f9f91b9f8cd66e511e695", size = 24521, upload-time = "2023-09-30T13:58:03.53Z" },
]

[[package]]
name = "tqdm"
version = "4.67.3"
source = { registry = "https://pypi.org/simple" }
dependencies = [
    { name = "colorama", marker = "sys_platform == 'win32'" },
]
sdist = { url = "https://files.pythonhosted.org/packages/09/a9/6ba95a270c6f1fbcd8dac228323f2777d886cb206987444e4bce66338dd4/tqdm-4.67.3.tar.gz", hash = "sha256:7d825f03f89244ef73f1d4ce193cb1774a8179fd96f31d7e1dcde62092b960bb", size = 169598, upload-time = "2026-02-03T17:35:53.048Z" }
wheels = [
    { url = "https://files.pythonhosted.org/packages/16/e1/3079a9ff9b8e11b846c6ac5c8b5bfb7ff225eee721825310c91b3b50304f/tqdm-4.67.3-py3-none-any.whl", hash = "sha256:ee1e4c0e59148062281c49d80b25b67771a127c85fc9676d3be5f243206826bf", size = 78374, upload-time = "2026-02-03T17:35:50.982Z" },
]

[[package]]
name = "traitlets"
version = "5.14.3"
source = { registry = "https://pypi.org/simple" }
sdist = { url = "https://files.pythonhosted.org/packages/eb/79/72064e6a701c2183016abbbfedaba506d81e30e232a68c9f0d6f6fcd1574/traitlets-5.14.3.tar.gz", hash = "sha256:9ed0579d3502c94b4b3732ac120375cda96f923114522847de4b3bb98b96b6b7", size = 161621, upload-time = "2024-04-19T11:11:49.746Z" }
wheels = [
    { url = "https://files.pythonhosted.org/packages/00/c0/8f5d070730d7836adc9c9b6408dec68c6ced86b304a9b26a14df072a6e8c/traitlets-5.14.3-py3-none-any.whl", hash = "sha256:b74e89e397b1ed28cc831db7aea759ba6640cb3de13090ca145426688ff1ac4f", size = 85359, upload-time = "2024-04-19T11:11:46.763Z" },
]

[[package]]
name = "typer"
version = "0.24.1"
source = { registry = "https://pypi.org/simple" }
dependencies = [
    { name = "annotated-doc" },
    { name = "click" },
    { name = "rich" },
    { name = "shellingham" },
]
sdist = { url = "https://files.pythonhosted.org/packages/f5/24/cb09efec5cc954f7f9b930bf8279447d24618bb6758d4f6adf2574c41780/typer-0.24.1.tar.gz", hash = "sha256:e39b4732d65fbdcde189ae76cf7cd48aeae72919dea1fdfc16593be016256b45", size = 118613, upload-time = "2026-02-21T16:54:40.609Z" }
wheels = [
    { url = "https://files.pythonhosted.org/packages/4a/91/48db081e7a63bb37284f9fbcefda7c44c277b18b0e13fbc36ea2335b71e6/typer-0.24.1-py3-none-any.whl", hash = "sha256:112c1f0ce578bfb4cab9ffdabc68f031416ebcc216536611ba21f04e9aa84c9e", size = 56085, upload-time = "2026-02-21T16:54:41.616Z" },
]

[[package]]
name = "typing-extensions"
version = "4.15.0"
source = { registry = "https://pypi.org/simple" }
sdist = { url = "https://files.pythonhosted.org/packages/72/94/1a15dd82efb362ac84269196e94cf00f187f7ed21c242792a923cdb1c61f/typing_extensions-4.15.0.tar.gz", hash = "sha256:0cea48d173cc12fa28ecabc3b837ea3cf6f38c6d1136f85cbaaf598984861466", size = 109391, upload-time = "2025-08-25T13:49:26.313Z" }
wheels = [
    { url = "https://files.pythonhosted.org/packages/18/67/36e9267722cc04a6b9f15c7f3441c2363321a3ea07da7ae0c0707beb2a9c/typing_extensions-4.15.0-py3-none-any.whl", hash = "sha256:f0fa19c6845758ab08074a0cfa8b7aecb71c999ca73d62883bc25cc018c4e548", size = 44614, upload-time = "2025-08-25T13:49:24.86Z" },
]

[[package]]
name = "wcwidth"
version = "0.6.0"
source = { registry = "https://pypi.org/simple" }
sdist = { url = "https://files.pythonhosted.org/packages/35/a2/8e3becb46433538a38726c948d3399905a4c7cabd0df578ede5dc51f0ec2/wcwidth-0.6.0.tar.gz", hash = "sha256:cdc4e4262d6ef9a1a57e018384cbeb1208d8abbc64176027e2c2455c81313159", size = 159684, upload-time = "2026-02-06T19:19:40.919Z" }
wheels = [
    { url = "https://files.pythonhosted.org/packages/68/5a/199c59e0a824a3db2b89c5d2dade7ab5f9624dbf6448dc291b46d5ec94d3/wcwidth-0.6.0-py3-none-any.whl", hash = "sha256:1a3a1e510b553315f8e146c54764f4fb6264ffad731b3d78088cdb1478ffbdad", size = 94189, upload-time = "2026-02-06T19:19:39.646Z" },
]
